// !$*UTF8*$!
{
	archiveVersion = 1;
	classes = {
	};
	objectVersion = 46;
	objects = {

/* Begin PBXBuildFile section */
		9071FF251D89D0F3003A49FC /* AppDelegate.swift in Sources */ = {isa = PBXBuildFile; fileRef = 9071FF241D89D0F3003A49FC /* AppDelegate.swift */; };
		9071FF271D89D0F3003A49FC /* ViewController.swift in Sources */ = {isa = PBXBuildFile; fileRef = 9071FF261D89D0F3003A49FC /* ViewController.swift */; };
		9071FF2A1D89D0F3003A49FC /* Main.storyboard in Resources */ = {isa = PBXBuildFile; fileRef = 9071FF281D89D0F3003A49FC /* Main.storyboard */; };
		9071FF2C1D89D0F3003A49FC /* Assets.xcassets in Resources */ = {isa = PBXBuildFile; fileRef = 9071FF2B1D89D0F3003A49FC /* Assets.xcassets */; };
		9071FF2F1D89D0F3003A49FC /* LaunchScreen.storyboard in Resources */ = {isa = PBXBuildFile; fileRef = 9071FF2D1D89D0F3003A49FC /* LaunchScreen.storyboard */; };
		9071FF371D89E245003A49FC /* DragImg.swift in Sources */ = {isa = PBXBuildFile; fileRef = 9071FF361D89E245003A49FC /* DragImg.swift */; };
		9071FF391D89E784003A49FC /* MomsterImg.swift in Sources */ = {isa = PBXBuildFile; fileRef = 9071FF381D89E784003A49FC /* MomsterImg.swift */; };
		90EB793A1D8AE54700048CF0 /* bite.wav in Resources */ = {isa = PBXBuildFile; fileRef = 90EB79351D8AE54700048CF0 /* bite.wav */; };
		90EB793B1D8AE54700048CF0 /* cave-music.mp3 in Resources */ = {isa = PBXBuildFile; fileRef = 90EB79361D8AE54700048CF0 /* cave-music.mp3 */; };
		90EB793C1D8AE54700048CF0 /* death.wav in Resources */ = {isa = PBXBuildFile; fileRef = 90EB79371D8AE54700048CF0 /* death.wav */; };
		90EB793D1D8AE54700048CF0 /* heart.wav in Resources */ = {isa = PBXBuildFile; fileRef = 90EB79381D8AE54700048CF0 /* heart.wav */; };
		90EB793E1D8AE54700048CF0 /* skull.wav in Resources */ = {isa = PBXBuildFile; fileRef = 90EB79391D8AE54700048CF0 /* skull.wav */; };
/* End PBXBuildFile section */

/* Begin PBXFileReference section */
		9071FF211D89D0F3003A49FC /* MyLittleMonster.app */ = {isa = PBXFileReference; explicitFileType = wrapper.application; includeInIndex = 0; path = MyLittleMonster.app; sourceTree = BUILT_PRODUCTS_DIR; };
		9071FF241D89D0F3003A49FC /* AppDelegate.swift */ = {isa = PBXFileReference; lastKnownFileType = sourcecode.swift; path = AppDelegate.swift; sourceTree = "<group>"; };
		9071FF261D89D0F3003A49FC /* ViewController.swift */ = {isa = PBXFileReference; lastKnownFileType = sourcecode.swift; path = ViewController.swift; sourceTree = "<group>"; };
		9071FF291D89D0F3003A49FC /* Base */ = {isa = PBXFileReference; lastKnownFileType = file.storyboard; name = Base; path = Base.lproj/Main.storyboard; sourceTree = "<group>"; };
		9071FF2B1D89D0F3003A49FC /* Assets.xcassets */ = {isa = PBXFileReference; lastKnownFileType = folder.assetcatalog; path = Assets.xcassets; sourceTree = "<group>"; };
		9071FF2E1D89D0F3003A49FC /* Base */ = {isa = PBXFileReference; lastKnownFileType = file.storyboard; name = Base; path = Base.lproj/LaunchScreen.storyboard; sourceTree = "<group>"; };
		9071FF301D89D0F3003A49FC /* Info.plist */ = {isa = PBXFileReference; lastKnownFileType = text.plist.xml; path = Info.plist; sourceTree = "<group>"; };
		9071FF361D89E245003A49FC /* DragImg.swift */ = {isa = PBXFileReference; fileEncoding = 4; lastKnownFileType = sourcecode.swift; path = DragImg.swift; sourceTree = "<group>"; };
		9071FF381D89E784003A49FC /* MomsterImg.swift */ = {isa = PBXFileReference; fileEncoding = 4; lastKnownFileType = sourcecode.swift; path = MomsterImg.swift; sourceTree = "<group>"; };
		90EB79351D8AE54700048CF0 /* bite.wav */ = {isa = PBXFileReference; lastKnownFileType = audio.wav; path = bite.wav; sourceTree = "<group>"; };
		90EB79361D8AE54700048CF0 /* cave-music.mp3 */ = {isa = PBXFileReference; lastKnownFileType = audio.mp3; path = "cave-music.mp3"; sourceTree = "<group>"; };
		90EB79371D8AE54700048CF0 /* death.wav */ = {isa = PBXFileReference; lastKnownFileType = audio.wav; path = death.wav; sourceTree = "<group>"; };
		90EB79381D8AE54700048CF0 /* heart.wav */ = {isa = PBXFileReference; lastKnownFileType = audio.wav; path = heart.wav; sourceTree = "<group>"; };
		90EB79391D8AE54700048CF0 /* skull.wav */ = {isa = PBXFileReference; lastKnownFileType = audio.wav; path = skull.wav; sourceTree = "<group>"; };
/* End PBXFileReference section */

/* Begin PBXFrameworksBuildPhase section */
		9071FF1E1D89D0F3003A49FC /* Frameworks */ = {
			isa = PBXFrameworksBuildPhase;
			buildActionMask = 2147483647;
			files = (
			);
			runOnlyForDeploymentPostprocessing = 0;
		};
/* End PBXFrameworksBuildPhase section */

/* Begin PBXGroup section */
		9071FF181D89D0F3003A49FC = {
			isa = PBXGroup;
			children = (
				9071FF231D89D0F3003A49FC /* MyLittleMonster */,
				9071FF221D89D0F3003A49FC /* Products */,
			);
			sourceTree = "<group>";
		};
		9071FF221D89D0F3003A49FC /* Products */ = {
			isa = PBXGroup;
			children = (
				9071FF211D89D0F3003A49FC /* MyLittleMonster.app */,
			);
			name = Products;
			sourceTree = "<group>";
		};
		9071FF231D89D0F3003A49FC /* MyLittleMonster */ = {
			isa = PBXGroup;
			children = (
				90EB79351D8AE54700048CF0 /* bite.wav */,
				90EB79361D8AE54700048CF0 /* cave-music.mp3 */,
				90EB79371D8AE54700048CF0 /* death.wav */,
				90EB79381D8AE54700048CF0 /* heart.wav */,
				90EB79391D8AE54700048CF0 /* skull.wav */,
				9071FF241D89D0F3003A49FC /* AppDelegate.swift */,
				9071FF261D89D0F3003A49FC /* ViewController.swift */,
				9071FF281D89D0F3003A49FC /* Main.storyboard */,
				9071FF2B1D89D0F3003A49FC /* Assets.xcassets */,
				9071FF2D1D89D0F3003A49FC /* LaunchScreen.storyboard */,
				9071FF301D89D0F3003A49FC /* Info.plist */,
				9071FF361D89E245003A49FC /* DragImg.swift */,
				9071FF381D89E784003A49FC /* MomsterImg.swift */,
			);
			path = MyLittleMonster;
			sourceTree = "<group>";
		};
/* End PBXGroup section */

/* Begin PBXNativeTarget section */
		9071FF201D89D0F3003A49FC /* MyLittleMonster */ = {
			isa = PBXNativeTarget;
			buildConfigurationList = 9071FF331D89D0F3003A49FC /* Build configuration list for PBXNativeTarget "MyLittleMonster" */;
			buildPhases = (
				9071FF1D1D89D0F3003A49FC /* Sources */,
				9071FF1E1D89D0F3003A49FC /* Frameworks */,
				9071FF1F1D89D0F3003A49FC /* Resources */,
			);
			buildRules = (
			);
			dependencies = (
			);
			name = MyLittleMonster;
			productName = MyLittleMonster;
			productReference = 9071FF211D89D0F3003A49FC /* MyLittleMonster.app */;
			productType = "com.apple.product-type.application";
		};
/* End PBXNativeTarget section */

/* Begin PBXProject section */
		9071FF191D89D0F3003A49FC /* Project object */ = {
			isa = PBXProject;
			attributes = {
				LastSwiftUpdateCheck = 0730;
				LastUpgradeCheck = 0730;
				ORGANIZATIONNAME = "Foster Inc.";
				TargetAttributes = {
					9071FF201D89D0F3003A49FC = {
						CreatedOnToolsVersion = 7.3.1;
						DevelopmentTeam = ZY8L8RU5M8;
					};
				};
			};
			buildConfigurationList = 9071FF1C1D89D0F3003A49FC /* Build configuration list for PBXProject "MyLittleMonster" */;
			compatibilityVersion = "Xcode 3.2";
			developmentRegion = English;
			hasScannedForEncodings = 0;
			knownRegions = (
				en,
				Base,
			);
			mainGroup = 9071FF181D89D0F3003A49FC;
			productRefGroup = 9071FF221D89D0F3003A49FC /* Products */;
			projectDirPath = "";
			projectRoot = "";
			targets = (
				9071FF201D89D0F3003A49FC /* MyLittleMonster */,
			);
		};
/* End PBXProject section */

/* Begin PBXResourcesBuildPhase section */
		9071FF1F1D89D0F3003A49FC /* Resources */ = {
			isa = PBXResourcesBuildPhase;
			buildActionMask = 2147483647;
			files = (
				90EB793E1D8AE54700048CF0 /* skull.wav in Resources */,
				90EB793A1D8AE54700048CF0 /* bite.wav in Resources */,
				90EB793C1D8AE54700048CF0 /* death.wav in Resources */,
				90EB793D1D8AE54700048CF0 /* heart.wav in Resources */,
				90EB793B1D8AE54700048CF0 /* cave-music.mp3 in Resources */,
				9071FF2F1D89D0F3003A49FC /* LaunchScreen.storyboard in Resources */,
				9071FF2C1D89D0F3003A49FC /* Assets.xcassets in Resources */,
				9071FF2A1D89D0F3003A49FC /* Main.storyboard in Resources */,
			);
			runOnlyForDeploymentPostprocessing = 0;
		};
/* End PBXResourcesBuildPhase section */

/* Begin PBXSourcesBuildPhase section */
		9071FF1D1D89D0F3003A49FC /* Sources */ = {
			isa = PBXSourcesBuildPhase;
			buildActionMask = 2147483647;
			files = (
				9071FF371D89E245003A49FC /* DragImg.swift in Sources */,
				9071FF271D89D0F3003A49FC /* ViewController.swift in Sources */,
				9071FF251D89D0F3003A49FC /* AppDelegate.swift in Sources */,
				9071FF391D89E784003A49FC /* MomsterImg.swift in Sources */,
			);
			runOnlyForDeploymentPostprocessing = 0;
		};
/* End PBXSourcesBuildPhase section */

/* Begin PBXVariantGroup section */
		9071FF281D89D0F3003A49FC /* Main.storyboard */ = {
			isa = PBXVariantGroup;
			children = (
				9071FF291D89D0F3003A49FC /* Base */,
			);
			name = Main.storyboard;
			sourceTree = "<group>";
		};
		9071FF2D1D89D0F3003A49FC /* LaunchScreen.storyboard */ = {
			isa = PBXVariantGroup;
			children = (
				9071FF2E1D89D0F3003A49FC /* Base */,
			);
			name = LaunchScreen.storyboard;
			sourceTree = "<group>";
		};
/* End PBXVariantGroup section */

/* Begin XCBuildConfiguration section */
		9071FF311D89D0F3003A49FC /* Debug */ = {
			isa = XCBuildConfiguration;
			buildSettings = {
				ALWAYS_SEARCH_USER_PATHS = NO;
				CLANG_ANALYZER_NONNULL = YES;
				CLANG_CXX_LANGUAGE_STANDARD = "gnu++0x";
				CLANG_CXX_LIBRARY = "libc++";
				CLANG_ENABLE_MODULES = YES;
				CLANG_ENABLE_OBJC_ARC = YES;
				CLANG_WARN_BOOL_CONVERSION = YES;
				CLANG_WARN_CONSTANT_CONVERSION = YES;
				CLANG_WARN_DIRECT_OBJC_ISA_USAGE = YES_ERROR;
				CLANG_WARN_EMPTY_BODY = YES;
				CLANG_WARN_ENUM_CONVERSION = YES;
				CLANG_WARN_INT_CONVERSION = YES;
				CLANG_WARN_OBJC_ROOT_CLASS = YES_ERROR;
				CLANG_WARN_UNREACHABLE_CODE = YES;
				CLANG_WARN__DUPLICATE_METHOD_MATCH = YES;
				"CODE_SIGN_IDENTITY[sdk=iphoneos*]" = "iPhone Developer";
				COPY_PHASE_STRIP = NO;
				DEBUG_INFORMATION_FORMAT = dwarf;
				ENABLE_STRICT_OBJC_MSGSEND = YES;
				ENABLE_TESTABILITY = YES;
				GCC_C_LANGUAGE_STANDARD = gnu99;
				GCC_DYNAMIC_NO_PIC = NO;
				GCC_NO_COMMON_BLOCKS = YES;
				GCC_OPTIMIZATION_LEVEL = 0;
				GCC_PREPROCESSOR_DEFINITIONS = (
					"DEBUG=1",
					"$(inherited)",
				);
				GCC_WARN_64_TO_32_BIT_CONVERSION = YES;
				GCC_WARN_ABOUT_RETURN_TYPE = YES_ERROR;
				GCC_WARN_UNDECLARED_SELECTOR = YES;
				GCC_WARN_UNINITIALIZED_AUTOS = YES_AGGRESSIVE;
				GCC_WARN_UNUSED_FUNCTION = YES;
				GCC_WARN_UNUSED_VARIABLE = YES;
				IPHONEOS_DEPLOYMENT_TARGET = 9.3;
				MTL_ENABLE_DEBUG_INFO = YES;
				ONLY_ACTIVE_ARCH = YES;
				SDKROOT = iphoneos;
				SWIFT_OPTIMIZATION_LEVEL = "-Onone";
				TARGETED_DEVICE_FAMILY = "1,2";
			};
			name = Debug;
		};
		9071FF321D89D0F3003A49FC /* Release */ = {
			isa = XCBuildConfiguration;
			buildSettings = {
				ALWAYS_SEARCH_USER_PATHS = NO;
				CLANG_ANALYZER_NONNULL = YES;
				CLANG_CXX_LANGUAGE_STANDARD = "gnu++0x";
				CLANG_CXX_LIBRARY = "libc++";
				CLANG_ENABLE_MODULES = YES;
				CLANG_ENABLE_OBJC_ARC = YES;
				CLANG_WARN_BOOL_CONVERSION = YES;
				CLANG_WARN_CONSTANT_CONVERSION = YES;
				CLANG_WARN_DIRECT_OBJC_ISA_USAGE = YES_ERROR;
				CLANG_WARN_EMPTY_BODY = YES;
				CLANG_WARN_ENUM_CONVERSION = YES;
				CLANG_WARN_INT_CONVERSION = YES;
				CLANG_WARN_OBJC_ROOT_CLASS = YES_ERROR;
				CLANG_WARN_UNREACHABLE_CODE = YES;
				CLANG_WARN__DUPLICATE_METHOD_MATCH = YES;
				"CODE_SIGN_IDENTITY[sdk=iphoneos*]" = "iPhone Developer";
				COPY_PHASE_STRIP = NO;
				DEBUG_INFORMATION_FORMAT = "dwarf-with-dsym";
				ENABLE_NS_ASSERTIONS = NO;
				ENABLE_STRICT_OBJC_MSGSEND = YES;
				GCC_C_LANGUAGE_STANDARD = gnu99;
				GCC_NO_COMMON_BLOCKS = YES;
				GCC_WARN_64_TO_32_BIT_CONVERSION = YES;
				GCC_WARN_ABOUT_RETURN_TYPE = YES_ERROR;
				GCC_WARN_UNDECLARED_SELECTOR = YES;
				GCC_WARN_UNINITIALIZED_AUTOS = YES_AGGRESSIVE;
				GCC_WARN_UNUSED_FUNCTION = YES;
				GCC_WARN_UNUSED_VARIABLE = YES;
				IPHONEOS_DEPLOYMENT_TARGET = 9.3;
				MTL_ENABLE_DEBUG_INFO = NO;
				SDKROOT = iphoneos;
				TARGETED_DEVICE_FAMILY = "1,2";
				VALIDATE_PRODUCT = YES;
			};
			name = Release;
		};
		9071FF341D89D0F3003A49FC /* Debug */ = {
			isa = XCBuildConfiguration;
			buildSettings = {
				ASSETCATALOG_COMPILER_APPICON_NAME = AppIcon;
				CODE_SIGN_IDENTITY = "iPhone Developer";
				INFOPLIST_FILE = MyLittleMonster/Info.plist;
				LD_RUNPATH_SEARCH_PATHS = "$(inherited) @executable_path/Frameworks";
				PRODUCT_BUNDLE_IDENTIFIER = "com.Foster-Inc..MyLittleMonster";
				PRODUCT_NAME = "$(TARGET_NAME)";
			};
			name = Debug;
		};
		9071FF351D89D0F3003A49FC /* Release */ = {
			isa = XCBuildConfiguration;
			buildSettings = {
				ASSETCATALOG_COMPILER_APPICON_NAME = AppIcon;
				CODE_SIGN_IDENTITY = "iPhone Developer";
				INFOPLIST_FILE = MyLittleMonster/Info.plist;
				LD_RUNPATH_SEARCH_PATHS = "$(inherited) @executable_path/Frameworks";
				PRODUCT_BUNDLE_IDENTIFIER = "com.Foster-Inc..MyLittleMonster";
				PRODUCT_NAME = "$(TARGET_NAME)";
			};
			name = Release;
		};
/* End XCBuildConfiguration section */

/* Begin XCConfigurationList section */
		9071FF1C1D89D0F3003A49FC /* Build configuration list for PBXProject "MyLittleMonster" */ = {
			isa = XCConfigurationList;
			buildConfigurations = (
				9071FF311D89D0F3003A49FC /* Debug */,
				9071FF321D89D0F3003A49FC /* Release */,
			);
			defaultConfigurationIsVisible = 0;
			defaultConfigurationName = Release;
		};
		9071FF331D89D0F3003A49FC /* Build configuration list for PBXNativeTarget "MyLittleMonster" */ = {
			isa = XCConfigurationList;
			buildConfigurations = (
				9071FF341D89D0F3003A49FC /* Debug */,
				9071FF351D89D0F3003A49FC /* Release */,
			);
			defaultConfigurationIsVisible = 0;
			defaultConfigurationName = Release;
		};
/* End XCConfigurationList section */
	};
	rootObject = 9071FF191D89D0F3003A49FC /* Project object */;
}
